# THIS IS AN AUTOGENERATED FILE. DO NOT EDIT THIS FILE DIRECTLY.
# yarn lockfile v1


"@types/estree@*":
  version "0.0.39"
  resolved "https://registry.npm.taobao.org/@types/estree/download/@types/estree-0.0.39.tgz?cache=0&sync_timestamp=1572461973040&other_urls=https%3A%2F%2Fregistry.npm.taobao.org%2F%40types%2Festree%2Fdownload%2F%40types%2Festree-0.0.39.tgz#e177e699ee1b8c22d23174caaa7422644389509f"
  integrity sha1-4Xfmme4bjCLSMXTKqnQiZEOJUJ8=

"@types/node@*":
  version "12.12.11"
  resolved "https://registry.npm.taobao.org/@types/node/download/@types/node-12.12.11.tgz#bec2961975888d964196bf0016a2f984d793d3ce"
  integrity sha1-vsKWGXWIjZZBlr8AFqL5hNeT084=

acorn@^7.1.0:
  version "7.1.0"
  resolved "https://registry.npm.taobao.org/acorn/download/acorn-7.1.0.tgz#949d36f2c292535da602283586c2477c57eb2d6c"
  integrity sha1-lJ028sKSU12mAig1hsJHfFfrLWw=

rollup@^1.27.2:
  version "1.27.2"
  resolved "https://registry.npm.taobao.org/rollup/download/rollup-1.27.2.tgz#caf54a93df228bf7864f13dddcdb363d3e958509"
  integrity sha1-yvVKk98ii/eGTxPd3Ns2PT6VhQk=
  dependencies:
    "@types/estree" "*"
    "@types/node" "*"
    acorn "^7.1.0"
